
Microsoft Visual Studio Solution File, Format Version 12.00
# Visual Studio Version 17
VisualStudioVersion = 17.9.34902.65
MinimumVisualStudioVersion = 10.0.40219.1
Project("{FAE04EC0-301F-11D3-BF4B-00C04F79EFBC}") = "yazilimYapimi", "yazilimYapimi\yazilimYapimi.csproj", "{2FB7BE5C-3903-4892-984F-2FE106B10528}"
EndProject
Global
	GlobalSection(SolutionConfigurationPlatforms) = preSolution
		Debug|Any CPU = Debug|Any CPU
		Release|Any CPU = Release|Any CPU
	EndGlobalSection
	GlobalSection(ProjectConfigurationPlatforms) = postSolution
		{2FB7BE5C-3903-4892-984F-2FE106B10528}.Debug|Any CPU.ActiveCfg = Debug|Any CPU
		{2FB7BE5C-3903-4892-984F-2FE106B10528}.Debug|Any CPU.Build.0 = Debug|Any CPU
		{2FB7BE5C-3903-4892-984F-2FE106B10528}.Release|Any CPU.ActiveCfg = Release|Any CPU
		{2FB7BE5C-3903-4892-984F-2FE106B10528}.Release|Any CPU.Build.0 = Release|Any CPU
	EndGlobalSection
	GlobalSection(SolutionProperties) = preSolution
		HideSolutionNode = FALSE
	EndGlobalSection
	GlobalSection(ExtensibilityGlobals) = postSolution
		SolutionGuid = {6A175FC1-9E55-4B45-BF35-317242BB753E}
	EndGlobalSection
EndGlobal
